
Microsoft Visual Studio Solution File, Format Version 12.00
# Visual Studio 2013
VisualStudioVersion = 12.0.21005.1
MinimumVisualStudioVersion = 10.0.40219.1
Project("{FAE04EC0-301F-11D3-BF4B-00C04F79EFBC}") = "WebSite", "WebSite\WebSite.csproj", "{F7256DCB-FC22-457B-ADF4-EC1BF70FF1F9}"
EndProject
Project("{FAE04EC0-301F-11D3-BF4B-00C04F79EFBC}") = "WebSite.Tests", "WebSite.Tests\WebSite.Tests.csproj", "{6BF490BC-AA7A-455C-BA2E-EBD5DA60D47C}"
EndProject
Project("{2150E333-8FDC-42A3-9474-1A3956D46DE8}") = "PublishScripts", "PublishScripts", "{34FD2D2F-9C6B-4F87-8D32-326714E64C7C}"
	ProjectSection(SolutionItems) = preProject
		PublishScripts\AzureWebAppPublishModule.psm1 = PublishScripts\AzureWebAppPublishModule.psm1
		PublishScripts\Publish-WebApplication.ps1 = PublishScripts\Publish-WebApplication.ps1
	EndProjectSection
EndProject
Project("{2150E333-8FDC-42A3-9474-1A3956D46DE8}") = "Configurations", "Configurations", "{6E036ED0-005E-4F78-8FA6-CAF0D50231F1}"
	ProjectSection(SolutionItems) = preProject
		PublishScripts\Configurations\WebSite-WAWS-dev.json = PublishScripts\Configurations\WebSite-WAWS-dev.json
	EndProjectSection
EndProject
Global
	GlobalSection(SolutionConfigurationPlatforms) = preSolution
		Debug|Any CPU = Debug|Any CPU
		Release|Any CPU = Release|Any CPU
	EndGlobalSection
	GlobalSection(ProjectConfigurationPlatforms) = postSolution
		{F7256DCB-FC22-457B-ADF4-EC1BF70FF1F9}.Debug|Any CPU.ActiveCfg = Debug|Any CPU
		{F7256DCB-FC22-457B-ADF4-EC1BF70FF1F9}.Debug|Any CPU.Build.0 = Debug|Any CPU
		{F7256DCB-FC22-457B-ADF4-EC1BF70FF1F9}.Release|Any CPU.ActiveCfg = Release|Any CPU
		{F7256DCB-FC22-457B-ADF4-EC1BF70FF1F9}.Release|Any CPU.Build.0 = Release|Any CPU
		{6BF490BC-AA7A-455C-BA2E-EBD5DA60D47C}.Debug|Any CPU.ActiveCfg = Debug|Any CPU
		{6BF490BC-AA7A-455C-BA2E-EBD5DA60D47C}.Debug|Any CPU.Build.0 = Debug|Any CPU
		{6BF490BC-AA7A-455C-BA2E-EBD5DA60D47C}.Release|Any CPU.ActiveCfg = Release|Any CPU
		{6BF490BC-AA7A-455C-BA2E-EBD5DA60D47C}.Release|Any CPU.Build.0 = Release|Any CPU
	EndGlobalSection
	GlobalSection(SolutionProperties) = preSolution
		HideSolutionNode = FALSE
	EndGlobalSection
	GlobalSection(NestedProjects) = preSolution
		{6E036ED0-005E-4F78-8FA6-CAF0D50231F1} = {34FD2D2F-9C6B-4F87-8D32-326714E64C7C}
	EndGlobalSection
EndGlobal
